PODS:
  - SVProgressHUD (2.2.5)
  - TaipeiMountain (1.0.0)

DEPENDENCIES:
  - SVProgressHUD
  - TaipeiMountain (from `../`)

SPEC REPOS:
  trunk:
    - SVProgressHUD

EXTERNAL SOURCES:
  TaipeiMountain:
    :path: "../"

SPEC CHECKSUMS:
  SVProgressHUD: 1428aafac632c1f86f62aa4243ec12008d7a51d6
  TaipeiMountain: 76928cb4be05222ed1765d944de0ec99fe79352c

PODFILE CHECKSUM: 124bfbdc0a96129f728466f9cbc167f733bf5b9a

COCOAPODS: 1.8.4
